
Microsoft Visual Studio Solution File, Format Version 12.00
# Visual Studio Version 16
VisualStudioVersion = 16.0.31410.357
MinimumVisualStudioVersion = 10.0.40219.1
Project("{2150E333-8FDC-42A3-9474-1A3956D46DE8}") = "Services", "Services", "{E494C401-FB86-4372-AEF5-1E9E81052A8F}"
EndProject
Project("{2150E333-8FDC-42A3-9474-1A3956D46DE8}") = "Catalog", "Catalog", "{CE4A2D68-A5FE-4CE8-B10A-8F9BC2DC20AB}"
EndProject
Project("{FAE04EC0-301F-11D3-BF4B-00C04F79EFBC}") = "Catalog.API", "Services\Catalog\Catalog.API\Catalog.API.csproj", "{183270D3-473F-4937-859C-6B9E35244565}"
EndProject
Global
	GlobalSection(SolutionConfigurationPlatforms) = preSolution
		Debug|Any CPU = Debug|Any CPU
		Release|Any CPU = Release|Any CPU
	EndGlobalSection
	GlobalSection(ProjectConfigurationPlatforms) = postSolution
		{183270D3-473F-4937-859C-6B9E35244565}.Debug|Any CPU.ActiveCfg = Debug|Any CPU
		{183270D3-473F-4937-859C-6B9E35244565}.Debug|Any CPU.Build.0 = Debug|Any CPU
		{183270D3-473F-4937-859C-6B9E35244565}.Release|Any CPU.ActiveCfg = Release|Any CPU
		{183270D3-473F-4937-859C-6B9E35244565}.Release|Any CPU.Build.0 = Release|Any CPU
	EndGlobalSection
	GlobalSection(SolutionProperties) = preSolution
		HideSolutionNode = FALSE
	EndGlobalSection
	GlobalSection(NestedProjects) = preSolution
		{CE4A2D68-A5FE-4CE8-B10A-8F9BC2DC20AB} = {E494C401-FB86-4372-AEF5-1E9E81052A8F}
		{183270D3-473F-4937-859C-6B9E35244565} = {CE4A2D68-A5FE-4CE8-B10A-8F9BC2DC20AB}
	EndGlobalSection
	GlobalSection(ExtensibilityGlobals) = postSolution
		SolutionGuid = {D5894CE2-C13F-401B-B99B-3155F20DCD02}
	EndGlobalSection
EndGlobal
